<?xml version="1.0" encoding="utf-8"?>
<Project ToolsVersion="4.0" xmlns="http://schemas.microsoft.com/developer/msbuild/2003">
  <ItemGroup>
    <Filter Include="binkdec">
      <UniqueIdentifier>{e3501f3f-6636-44f5-9879-8db36248295c}</UniqueIdentifier>
    </Filter>
    <Filter Include="timidity">
      <UniqueIdentifier>{ba2d93ef-de29-43a0-af7f-b2e38395519e}</UniqueIdentifier>
    </Filter>
    <Filter Include="stb">
      <UniqueIdentifier>{be59fb10-0a86-4e8d-a0e3-f6029f24da5d}</UniqueIdentifier>
    </Filter>
    <Filter Include="miniz">
      <UniqueIdentifier>{2d5b407e-8075-4eda-b4d1-1327db0580c6}</UniqueIdentifier>
    </Filter>
    <Filter Include="minizip">
      <UniqueIdentifier>{703f0c81-68c0-42a8-a5c8-ba65fc2c3045}</UniqueIdentifier>
    </Filter>
  </ItemGroup>
  <ItemGroup>
    <ClCompile Include="_libs\libbinkdec\src\avfft.c">
      <Filter>binkdec</Filter>
    </ClCompile>
    <ClCompile Include="_libs\libbinkdec\src\BinkAudio.cpp">
      <Filter>binkdec</Filter>
    </ClCompile>
    <ClCompile Include="_libs\libbinkdec\src\BinkDecoder.cpp">
      <Filter>binkdec</Filter>
    </ClCompile>
    <ClCompile Include="_libs\libbinkdec\src\BinkVideo.cpp">
      <Filter>binkdec</Filter>
    </ClCompile>
    <ClCompile Include="_libs\libbinkdec\src\BitReader.cpp">
      <Filter>binkdec</Filter>
    </ClCompile>
    <ClCompile Include="_libs\libbinkdec\src\dct.c">
      <Filter>binkdec</Filter>
    </ClCompile>
    <ClCompile Include="_libs\libbinkdec\src\dct32.c">
      <Filter>binkdec</Filter>
    </ClCompile>
    <ClCompile Include="_libs\libbinkdec\src\fft.c">
      <Filter>binkdec</Filter>
    </ClCompile>
    <ClCompile Include="_libs\libbinkdec\src\FileStream.cpp">
      <Filter>binkdec</Filter>
    </ClCompile>
    <ClCompile Include="_libs\libbinkdec\src\HuffmanVLC.cpp">
      <Filter>binkdec</Filter>
    </ClCompile>
    <ClCompile Include="_libs\libbinkdec\src\LogError.cpp">
      <Filter>binkdec</Filter>
    </ClCompile>
    <ClCompile Include="_libs\libbinkdec\src\mdct.c">
      <Filter>binkdec</Filter>
    </ClCompile>
    <ClCompile Include="_libs\libbinkdec\src\rdft.c">
      <Filter>binkdec</Filter>
    </ClCompile>
    <ClCompile Include="_libs\libbinkdec\src\Util.cpp">
      <Filter>binkdec</Filter>
    </ClCompile>
    <ClCompile Include="_libs\timidity\common.cpp">
      <Filter>timidity</Filter>
    </ClCompile>
    <ClCompile Include="_libs\timidity\controls.cpp">
      <Filter>timidity</Filter>
    </ClCompile>
    <ClCompile Include="_libs\timidity\filter.cpp">
      <Filter>timidity</Filter>
    </ClCompile>
    <ClCompile Include="_libs\timidity\instrum.cpp">
      <Filter>timidity</Filter>
    </ClCompile>
    <ClCompile Include="_libs\timidity\mix.cpp">
      <Filter>timidity</Filter>
    </ClCompile>
    <ClCompile Include="_libs\timidity\output.cpp">
      <Filter>timidity</Filter>
    </ClCompile>
    <ClCompile Include="_libs\timidity\playmidi.cpp">
      <Filter>timidity</Filter>
    </ClCompile>
    <ClCompile Include="_libs\timidity\readmidi.cpp">
      <Filter>timidity</Filter>
    </ClCompile>
    <ClCompile Include="_libs\timidity\resample.cpp">
      <Filter>timidity</Filter>
    </ClCompile>
    <ClCompile Include="_libs\timidity\sdl_a.cpp">
      <Filter>timidity</Filter>
    </ClCompile>
    <ClCompile Include="_libs\timidity\sdl_c.cpp">
      <Filter>timidity</Filter>
    </ClCompile>
    <ClCompile Include="_libs\timidity\tables.cpp">
      <Filter>timidity</Filter>
    </ClCompile>
    <ClCompile Include="_libs\timidity\timidity.cpp">
      <Filter>timidity</Filter>
    </ClCompile>
    <ClCompile Include="_libs\stb\stblib_impls.c">
      <Filter>stb</Filter>
    </ClCompile>
    <ClCompile Include="_libs\miniz\miniz.c">
      <Filter>miniz</Filter>
    </ClCompile>
    <ClCompile Include="_libs\minizip\ioapi.c">
      <Filter>minizip</Filter>
    </ClCompile>
    <ClCompile Include="_libs\minizip\unzip.cpp">
      <Filter>minizip</Filter>
    </ClCompile>
    <ClCompile Include="_libs\minizip\zip.cpp">
      <Filter>minizip</Filter>
    </ClCompile>
  </ItemGroup>
  <ItemGroup>
    <ClInclude Include="_libs\libbinkdec\include\avfft.h">
      <Filter>binkdec</Filter>
    </ClInclude>
    <ClInclude Include="_libs\libbinkdec\include\BinkAudio.h">
      <Filter>binkdec</Filter>
    </ClInclude>
    <ClInclude Include="_libs\libbinkdec\include\binkdata.h">
      <Filter>binkdec</Filter>
    </ClInclude>
    <ClInclude Include="_libs\libbinkdec\include\BinkDecoder.h">
      <Filter>binkdec</Filter>
    </ClInclude>
    <ClInclude Include="_libs\libbinkdec\include\BinkVideo.h">
      <Filter>binkdec</Filter>
    </ClInclude>
    <ClInclude Include="_libs\libbinkdec\include\BitReader.h">
      <Filter>binkdec</Filter>
    </ClInclude>
    <ClInclude Include="_libs\libbinkdec\include\dct.h">
      <Filter>binkdec</Filter>
    </ClInclude>
    <ClInclude Include="_libs\libbinkdec\include\dct32.h">
      <Filter>binkdec</Filter>
    </ClInclude>
    <ClInclude Include="_libs\libbinkdec\include\FFmpeg_includes.h">
      <Filter>binkdec</Filter>
    </ClInclude>
    <ClInclude Include="_libs\libbinkdec\include\fft.h">
      <Filter>binkdec</Filter>
    </ClInclude>
    <ClInclude Include="_libs\libbinkdec\include\fft-internal.h">
      <Filter>binkdec</Filter>
    </ClInclude>
    <ClInclude Include="_libs\libbinkdec\include\FileStream.h">
      <Filter>binkdec</Filter>
    </ClInclude>
    <ClInclude Include="_libs\libbinkdec\include\HuffmanVLC.h">
      <Filter>binkdec</Filter>
    </ClInclude>
    <ClInclude Include="_libs\libbinkdec\include\libbinkdec.h">
      <Filter>binkdec</Filter>
    </ClInclude>
    <ClInclude Include="_libs\libbinkdec\include\LogError.h">
      <Filter>binkdec</Filter>
    </ClInclude>
    <ClInclude Include="_libs\libbinkdec\include\rdft.h">
      <Filter>binkdec</Filter>
    </ClInclude>
    <ClInclude Include="_libs\libbinkdec\include\Util.h">
      <Filter>binkdec</Filter>
    </ClInclude>
    <ClInclude Include="_libs\timidity\timidity.h">
      <Filter>timidity</Filter>
    </ClInclude>
    <ClInclude Include="_libs\timidity\common.h">
      <Filter>timidity</Filter>
    </ClInclude>
    <ClInclude Include="_libs\timidity\config.h">
      <Filter>timidity</Filter>
    </ClInclude>
    <ClInclude Include="_libs\timidity\controls.h">
      <Filter>timidity</Filter>
    </ClInclude>
    <ClInclude Include="_libs\timidity\filter.h">
      <Filter>timidity</Filter>
    </ClInclude>
    <ClInclude Include="_libs\timidity\instrum.h">
      <Filter>timidity</Filter>
    </ClInclude>
    <ClInclude Include="_libs\timidity\mix.h">
      <Filter>timidity</Filter>
    </ClInclude>
    <ClInclude Include="_libs\timidity\output.h">
      <Filter>timidity</Filter>
    </ClInclude>
    <ClInclude Include="_libs\timidity\playmidi.h">
      <Filter>timidity</Filter>
    </ClInclude>
    <ClInclude Include="_libs\timidity\readmidi.h">
      <Filter>timidity</Filter>
    </ClInclude>
    <ClInclude Include="_libs\timidity\resample.h">
      <Filter>timidity</Filter>
    </ClInclude>
    <ClInclude Include="_libs\timidity\structs.h">
      <Filter>timidity</Filter>
    </ClInclude>
    <ClInclude Include="_libs\timidity\tables.h">
      <Filter>timidity</Filter>
    </ClInclude>
    <ClInclude Include="_libs\stb\stb_image.h">
      <Filter>stb</Filter>
    </ClInclude>
    <ClInclude Include="_libs\stb\stb_image_write.h">
      <Filter>stb</Filter>
    </ClInclude>
    <ClInclude Include="_libs\miniz\miniz.h">
      <Filter>miniz</Filter>
    </ClInclude>
    <ClInclude Include="_libs\miniz\minizconf.h">
      <Filter>miniz</Filter>
    </ClInclude>
    <ClInclude Include="_libs\minizip\ioapi.h">
      <Filter>minizip</Filter>
    </ClInclude>
    <ClInclude Include="_libs\minizip\unzip.h">
      <Filter>minizip</Filter>
    </ClInclude>
    <ClInclude Include="_libs\minizip\zip.h">
      <Filter>minizip</Filter>
    </ClInclude>
  </ItemGroup>
  <ItemGroup>
    <None Include="_libs\miniz\readme.md">
      <Filter>miniz</Filter>
    </None>
  </ItemGroup>
  <ItemGroup>
    <Text Include="_libs\miniz\LICENSE.txt">
      <Filter>miniz</Filter>
    </Text>
    <Text Include="_libs\minizip\MiniZip64_info.txt">
      <Filter>minizip</Filter>
    </Text>
  </ItemGroup>
</Project>